
Microsoft Visual Studio Solution File, Format Version 12.00
# Visual Studio Version 17
VisualStudioVersion = 17.3.32922.545
MinimumVisualStudioVersion = 10.0.40219.1
Project("{9A19103F-16F7-4668-BE54-9A1E7A4F7556}") = "WeatherInOhio", "WeatherInOhio\WeatherInOhio.csproj", "{48E7EADA-F0C2-4E74-806E-5D28343A11B4}"
EndProject
Project("{9A19103F-16F7-4668-BE54-9A1E7A4F7556}") = "DataAccess", "DataAccess\DataAccess.csproj", "{94D7F489-EC03-4B5C-BC09-78BE748C310A}"
EndProject
Project("{9A19103F-16F7-4668-BE54-9A1E7A4F7556}") = "BusinessLogic", "BusinessLogic\BusinessLogic.csproj", "{38593E17-00C1-462C-8392-C10750368225}"
EndProject
Project("{9A19103F-16F7-4668-BE54-9A1E7A4F7556}") = "Domain", "Domain\Domain.csproj", "{BFC35AAD-BF55-46D3-82E5-22DB562B5379}"
EndProject
Global
	GlobalSection(SolutionConfigurationPlatforms) = preSolution
		Debug|Any CPU = Debug|Any CPU
		Release|Any CPU = Release|Any CPU
	EndGlobalSection
	GlobalSection(ProjectConfigurationPlatforms) = postSolution
		{48E7EADA-F0C2-4E74-806E-5D28343A11B4}.Debug|Any CPU.ActiveCfg = Debug|Any CPU
		{48E7EADA-F0C2-4E74-806E-5D28343A11B4}.Debug|Any CPU.Build.0 = Debug|Any CPU
		{48E7EADA-F0C2-4E74-806E-5D28343A11B4}.Release|Any CPU.ActiveCfg = Release|Any CPU
		{48E7EADA-F0C2-4E74-806E-5D28343A11B4}.Release|Any CPU.Build.0 = Release|Any CPU
		{94D7F489-EC03-4B5C-BC09-78BE748C310A}.Debug|Any CPU.ActiveCfg = Debug|Any CPU
		{94D7F489-EC03-4B5C-BC09-78BE748C310A}.Debug|Any CPU.Build.0 = Debug|Any CPU
		{94D7F489-EC03-4B5C-BC09-78BE748C310A}.Release|Any CPU.ActiveCfg = Release|Any CPU
		{94D7F489-EC03-4B5C-BC09-78BE748C310A}.Release|Any CPU.Build.0 = Release|Any CPU
		{38593E17-00C1-462C-8392-C10750368225}.Debug|Any CPU.ActiveCfg = Debug|Any CPU
		{38593E17-00C1-462C-8392-C10750368225}.Debug|Any CPU.Build.0 = Debug|Any CPU
		{38593E17-00C1-462C-8392-C10750368225}.Release|Any CPU.ActiveCfg = Release|Any CPU
		{38593E17-00C1-462C-8392-C10750368225}.Release|Any CPU.Build.0 = Release|Any CPU
		{BFC35AAD-BF55-46D3-82E5-22DB562B5379}.Debug|Any CPU.ActiveCfg = Debug|Any CPU
		{BFC35AAD-BF55-46D3-82E5-22DB562B5379}.Debug|Any CPU.Build.0 = Debug|Any CPU
		{BFC35AAD-BF55-46D3-82E5-22DB562B5379}.Release|Any CPU.ActiveCfg = Release|Any CPU
		{BFC35AAD-BF55-46D3-82E5-22DB562B5379}.Release|Any CPU.Build.0 = Release|Any CPU
	EndGlobalSection
	GlobalSection(SolutionProperties) = preSolution
		HideSolutionNode = FALSE
	EndGlobalSection
	GlobalSection(ExtensibilityGlobals) = postSolution
		SolutionGuid = {140A7B3F-7544-4729-A42A-833E1F6F30BA}
	EndGlobalSection
EndGlobal
